# This file is automatically @generated by Cargo.
# It is not intended for manual editing.
version = 3

[[package]]
name = "oid-common"
version = "0.1.0"

[[package]]
name = "oid-console"
version = "0.1.0"
dependencies = [
 "oid-common",
 "oid-evidence-engine",
 "oid-intent-runtime",
 "oid-linux-skills",
 "oid-policy-engine",
 "oid-runtime",
 "oid-shared",
 "oid-verification-engine",
]

[[package]]
name = "oid-desktop-shell"
version = "0.1.0"
dependencies = [
 "oid-common",
 "oid-plugin-sdk",
]

[[package]]
name = "oid-docs"
version = "0.1.0"

[[package]]
name = "oid-evidence-engine"
version = "0.1.0"
dependencies = [
 "oid-common",
]

[[package]]
name = "oid-intent-runtime"
version = "0.1.0"
dependencies = [
 "oid-common",
 "oid-shared",
]

[[package]]
name = "oid-linux-skills"
version = "0.1.0"
dependencies = [
 "oid-common",
]

[[package]]
name = "oid-llama-cpp-adapter"
version = "0.1.0"
dependencies = [
 "oid-runtime",
 "oid-shared",
]

[[package]]
name = "oid-llama-cpp-sys"
version = "0.1.0"

[[package]]
name = "oid-model-runner"
version = "0.1.0"
dependencies = [
 "oid-common",
]

[[package]]
name = "oid-plugin-sdk"
version = "0.1.0"
dependencies = [
 "oid-common",
]

[[package]]
name = "oid-policy-engine"
version = "0.1.0"
dependencies = [
 "oid-common",
]

[[package]]
name = "oid-runtime"
version = "0.1.0"
dependencies = [
 "oid-llama-cpp-sys",
 "oid-shared",
]

[[package]]
name = "oid-shared"
version = "0.1.0"

[[package]]
name = "oid-verification-engine"
version = "0.1.0"
dependencies = [
 "oid-common",
]
